
Microsoft Visual Studio Solution File, Format Version 12.00
# Visual Studio 15
VisualStudioVersion = 15.0.28307.329
MinimumVisualStudioVersion = 10.0.40219.1
Project("{FAE04EC0-301F-11D3-BF4B-00C04F79EFBC}") = "Tello", "Tello\Tello.csproj", "{9BD61E52-3740-4D25-B8AE-F06EE1120DBD}"
EndProject
Global
	GlobalSection(SolutionConfigurationPlatforms) = preSolution
		Debug|Any CPU = Debug|Any CPU
		Release|Any CPU = Release|Any CPU
	EndGlobalSection
	GlobalSection(ProjectConfigurationPlatforms) = postSolution
		{9BD61E52-3740-4D25-B8AE-F06EE1120DBD}.Debug|Any CPU.ActiveCfg = Debug|Any CPU
		{9BD61E52-3740-4D25-B8AE-F06EE1120DBD}.Debug|Any CPU.Build.0 = Debug|Any CPU
		{9BD61E52-3740-4D25-B8AE-F06EE1120DBD}.Release|Any CPU.ActiveCfg = Release|Any CPU
		{9BD61E52-3740-4D25-B8AE-F06EE1120DBD}.Release|Any CPU.Build.0 = Release|Any CPU
	EndGlobalSection
	GlobalSection(SolutionProperties) = preSolution
		HideSolutionNode = FALSE
	EndGlobalSection
	GlobalSection(ExtensibilityGlobals) = postSolution
		SolutionGuid = {9D8620DD-F9C1-47FE-B200-398B11EC01F7}
	EndGlobalSection
EndGlobal
